// !$*UTF8*$!
{
	archiveVersion = 1;
	classes = {
	};
	objectVersion = 55;
	objects = {

/* Begin PBXBuildFile section */
		550C55942867A1AE0006AE40 /* WABaseInfoView.swift in Sources */ = {isa = PBXBuildFile; fileRef = 550C55932867A1AE0006AE40 /* WABaseInfoView.swift */; };
		551762DB285E54DF009470C5 /* AppDelegate.swift in Sources */ = {isa = PBXBuildFile; fileRef = 551762DA285E54DF009470C5 /* AppDelegate.swift */; };
		551762DD285E54DF009470C5 /* SceneDelegate.swift in Sources */ = {isa = PBXBuildFile; fileRef = 551762DC285E54DF009470C5 /* SceneDelegate.swift */; };
		551762DF285E54DF009470C5 /* OverviewController.swift in Sources */ = {isa = PBXBuildFile; fileRef = 551762DE285E54DF009470C5 /* OverviewController.swift */; };
		551762E4285E54E0009470C5 /* Assets.xcassets in Resources */ = {isa = PBXBuildFile; fileRef = 551762E3285E54E0009470C5 /* Assets.xcassets */; };
		551762E7285E54E0009470C5 /* LaunchScreen.storyboard in Resources */ = {isa = PBXBuildFile; fileRef = 551762E5285E54E0009470C5 /* LaunchScreen.storyboard */; };
		551762F1285E56EE009470C5 /* TabBarController.swift in Sources */ = {isa = PBXBuildFile; fileRef = 551762F0285E56EE009470C5 /* TabBarController.swift */; };
		551762F4285E57FD009470C5 /* UIColor + Ext.swift in Sources */ = {isa = PBXBuildFile; fileRef = 551762F3285E57FD009470C5 /* UIColor + Ext.swift */; };
		551762F7285E5894009470C5 /* Resources.swift in Sources */ = {isa = PBXBuildFile; fileRef = 551762F6285E5894009470C5 /* Resources.swift */; };
		551762F9285E65C0009470C5 /* NavigationBarController.swift in Sources */ = {isa = PBXBuildFile; fileRef = 551762F8285E65C0009470C5 /* NavigationBarController.swift */; };
		551762FC285E6821009470C5 /* BaseController.swift in Sources */ = {isa = PBXBuildFile; fileRef = 551762FB285E6821009470C5 /* BaseController.swift */; };
		551762FE285E6A24009470C5 /* UIView + Ext.swift in Sources */ = {isa = PBXBuildFile; fileRef = 551762FD285E6A24009470C5 /* UIView + Ext.swift */; };
		55176305285E6BFF009470C5 /* SessionController.swift in Sources */ = {isa = PBXBuildFile; fileRef = 55176304285E6BFF009470C5 /* SessionController.swift */; };
		55176307285E6C23009470C5 /* ProgressController.swift in Sources */ = {isa = PBXBuildFile; fileRef = 55176306285E6C23009470C5 /* ProgressController.swift */; };
		55176309285E6C32009470C5 /* SettingsController.swift in Sources */ = {isa = PBXBuildFile; fileRef = 55176308285E6C32009470C5 /* SettingsController.swift */; };
		557C1B7F2860E3AD00171DFF /* OverviewNavBar.swift in Sources */ = {isa = PBXBuildFile; fileRef = 557C1B7E2860E3AD00171DFF /* OverviewNavBar.swift */; };
		557C1B812860E3FB00171DFF /* BaseView.swift in Sources */ = {isa = PBXBuildFile; fileRef = 557C1B802860E3FB00171DFF /* BaseView.swift */; };
		558A7B3B2863934500792030 /* WeekView.swift in Sources */ = {isa = PBXBuildFile; fileRef = 558A7B3A2863934500792030 /* WeekView.swift */; };
		558A7B3D286395C900792030 /* WeekdayView.swift in Sources */ = {isa = PBXBuildFile; fileRef = 558A7B3C286395C900792030 /* WeekdayView.swift */; };
		558A7B3F28639CAF00792030 /* Date + Ext.swift in Sources */ = {isa = PBXBuildFile; fileRef = 558A7B3E28639CAF00792030 /* Date + Ext.swift */; };
		55B65374285F33F70049F6DC /* WAButton.swift in Sources */ = {isa = PBXBuildFile; fileRef = 55B65373285F33F70049F6DC /* WAButton.swift */; };
/* End PBXBuildFile section */

/* Begin PBXFileReference section */
		550C55932867A1AE0006AE40 /* WABaseInfoView.swift */ = {isa = PBXFileReference; lastKnownFileType = sourcecode.swift; path = WABaseInfoView.swift; sourceTree = "<group>"; };
		551762D7285E54DF009470C5 /* WorkoutApp.app */ = {isa = PBXFileReference; explicitFileType = wrapper.application; includeInIndex = 0; path = WorkoutApp.app; sourceTree = BUILT_PRODUCTS_DIR; };
		551762DA285E54DF009470C5 /* AppDelegate.swift */ = {isa = PBXFileReference; lastKnownFileType = sourcecode.swift; path = AppDelegate.swift; sourceTree = "<group>"; };
		551762DC285E54DF009470C5 /* SceneDelegate.swift */ = {isa = PBXFileReference; lastKnownFileType = sourcecode.swift; path = SceneDelegate.swift; sourceTree = "<group>"; };
		551762DE285E54DF009470C5 /* OverviewController.swift */ = {isa = PBXFileReference; lastKnownFileType = sourcecode.swift; path = OverviewController.swift; sourceTree = "<group>"; };
		551762E3285E54E0009470C5 /* Assets.xcassets */ = {isa = PBXFileReference; lastKnownFileType = folder.assetcatalog; path = Assets.xcassets; sourceTree = "<group>"; };
		551762E6285E54E0009470C5 /* Base */ = {isa = PBXFileReference; lastKnownFileType = file.storyboard; name = Base; path = Base.lproj/LaunchScreen.storyboard; sourceTree = "<group>"; };
		551762E8285E54E0009470C5 /* Info.plist */ = {isa = PBXFileReference; lastKnownFileType = text.plist.xml; path = Info.plist; sourceTree = "<group>"; };
		551762F0285E56EE009470C5 /* TabBarController.swift */ = {isa = PBXFileReference; lastKnownFileType = sourcecode.swift; path = TabBarController.swift; sourceTree = "<group>"; };
		551762F3285E57FD009470C5 /* UIColor + Ext.swift */ = {isa = PBXFileReference; lastKnownFileType = sourcecode.swift; path = "UIColor + Ext.swift"; sourceTree = "<group>"; };
		551762F6285E5894009470C5 /* Resources.swift */ = {isa = PBXFileReference; lastKnownFileType = sourcecode.swift; path = Resources.swift; sourceTree = "<group>"; };
		551762F8285E65C0009470C5 /* NavigationBarController.swift */ = {isa = PBXFileReference; lastKnownFileType = sourcecode.swift; path = NavigationBarController.swift; sourceTree = "<group>"; };
		551762FB285E6821009470C5 /* BaseController.swift */ = {isa = PBXFileReference; lastKnownFileType = sourcecode.swift; path = BaseController.swift; sourceTree = "<group>"; };
		551762FD285E6A24009470C5 /* UIView + Ext.swift */ = {isa = PBXFileReference; lastKnownFileType = sourcecode.swift; path = "UIView + Ext.swift"; sourceTree = "<group>"; };
		55176304285E6BFF009470C5 /* SessionController.swift */ = {isa = PBXFileReference; lastKnownFileType = sourcecode.swift; path = SessionController.swift; sourceTree = "<group>"; };
		55176306285E6C23009470C5 /* ProgressController.swift */ = {isa = PBXFileReference; lastKnownFileType = sourcecode.swift; path = ProgressController.swift; sourceTree = "<group>"; };
		55176308285E6C32009470C5 /* SettingsController.swift */ = {isa = PBXFileReference; lastKnownFileType = sourcecode.swift; path = SettingsController.swift; sourceTree = "<group>"; };
		557C1B7E2860E3AD00171DFF /* OverviewNavBar.swift */ = {isa = PBXFileReference; lastKnownFileType = sourcecode.swift; path = OverviewNavBar.swift; sourceTree = "<group>"; };
		557C1B802860E3FB00171DFF /* BaseView.swift */ = {isa = PBXFileReference; lastKnownFileType = sourcecode.swift; path = BaseView.swift; sourceTree = "<group>"; };
		558A7B3A2863934500792030 /* WeekView.swift */ = {isa = PBXFileReference; lastKnownFileType = sourcecode.swift; path = WeekView.swift; sourceTree = "<group>"; };
		558A7B3C286395C900792030 /* WeekdayView.swift */ = {isa = PBXFileReference; lastKnownFileType = sourcecode.swift; path = WeekdayView.swift; sourceTree = "<group>"; };
		558A7B3E28639CAF00792030 /* Date + Ext.swift */ = {isa = PBXFileReference; lastKnownFileType = sourcecode.swift; path = "Date + Ext.swift"; sourceTree = "<group>"; };
		55B65373285F33F70049F6DC /* WAButton.swift */ = {isa = PBXFileReference; lastKnownFileType = sourcecode.swift; path = WAButton.swift; sourceTree = "<group>"; };
/* End PBXFileReference section */

/* Begin PBXFrameworksBuildPhase section */
		551762D4285E54DF009470C5 /* Frameworks */ = {
			isa = PBXFrameworksBuildPhase;
			buildActionMask = 2147483647;
			files = (
			);
			runOnlyForDeploymentPostprocessing = 0;
		};
/* End PBXFrameworksBuildPhase section */

/* Begin PBXGroup section */
		550C559128678C5A0006AE40 /* Navigation */ = {
			isa = PBXGroup;
			children = (
				551762F8285E65C0009470C5 /* NavigationBarController.swift */,
				551762F0285E56EE009470C5 /* TabBarController.swift */,
			);
			path = Navigation;
			sourceTree = "<group>";
		};
		550C559228678EB40006AE40 /* NavigationBar */ = {
			isa = PBXGroup;
			children = (
				558A7B392863932500792030 /* WeekView */,
				557C1B7E2860E3AD00171DFF /* OverviewNavBar.swift */,
			);
			path = NavigationBar;
			sourceTree = "<group>";
		};
		551762CE285E54DF009470C5 = {
			isa = PBXGroup;
			children = (
				551762D9285E54DF009470C5 /* WorkoutApp */,
				551762D8285E54DF009470C5 /* Products */,
			);
			sourceTree = "<group>";
		};
		551762D8285E54DF009470C5 /* Products */ = {
			isa = PBXGroup;
			children = (
				551762D7285E54DF009470C5 /* WorkoutApp.app */,
			);
			name = Products;
			sourceTree = "<group>";
		};
		551762D9285E54DF009470C5 /* WorkoutApp */ = {
			isa = PBXGroup;
			children = (
				551762EE285E54E9009470C5 /* Application */,
				551762FA285E6805009470C5 /* Contollers */,
				551762F2285E57DC009470C5 /* Helpers */,
				551762EF285E5503009470C5 /* SupportingFiles */,
			);
			path = WorkoutApp;
			sourceTree = "<group>";
		};
		551762EE285E54E9009470C5 /* Application */ = {
			isa = PBXGroup;
			children = (
				551762DA285E54DF009470C5 /* AppDelegate.swift */,
				551762DC285E54DF009470C5 /* SceneDelegate.swift */,
			);
			path = Application;
			sourceTree = "<group>";
		};
		551762EF285E5503009470C5 /* SupportingFiles */ = {
			isa = PBXGroup;
			children = (
				551762E5285E54E0009470C5 /* LaunchScreen.storyboard */,
				551762E3285E54E0009470C5 /* Assets.xcassets */,
				551762E8285E54E0009470C5 /* Info.plist */,
			);
			path = SupportingFiles;
			sourceTree = "<group>";
		};
		551762F2285E57DC009470C5 /* Helpers */ = {
			isa = PBXGroup;
			children = (
				551762F5285E5808009470C5 /* Extensions */,
				551762F6285E5894009470C5 /* Resources.swift */,
			);
			path = Helpers;
			sourceTree = "<group>";
		};
		551762F5285E5808009470C5 /* Extensions */ = {
			isa = PBXGroup;
			children = (
				558A7B3E28639CAF00792030 /* Date + Ext.swift */,
				551762F3285E57FD009470C5 /* UIColor + Ext.swift */,
				551762FD285E6A24009470C5 /* UIView + Ext.swift */,
			);
			path = Extensions;
			sourceTree = "<group>";
		};
		551762FA285E6805009470C5 /* Contollers */ = {
			isa = PBXGroup;
			children = (
				551762FF285E6B91009470C5 /* Base */,
				551762FB285E6821009470C5 /* BaseController.swift */,
				55B65373285F33F70049F6DC /* WAButton.swift */,
				550C559128678C5A0006AE40 /* Navigation */,
				55176300285E6BA1009470C5 /* Overview */,
				55176302285E6BC6009470C5 /* Session */,
				55176301285E6BB2009470C5 /* Progress */,
				55176303285E6BD1009470C5 /* Settings */,
			);
			path = Contollers;
			sourceTree = "<group>";
		};
		551762FF285E6B91009470C5 /* Base */ = {
			isa = PBXGroup;
			children = (
				557C1B802860E3FB00171DFF /* BaseView.swift */,
				550C55932867A1AE0006AE40 /* WABaseInfoView.swift */,
			);
			path = Base;
			sourceTree = "<group>";
		};
		55176300285E6BA1009470C5 /* Overview */ = {
			isa = PBXGroup;
			children = (
				55B65372285F33820049F6DC /* Views */,
				551762DE285E54DF009470C5 /* OverviewController.swift */,
			);
			path = Overview;
			sourceTree = "<group>";
		};
		55176301285E6BB2009470C5 /* Progress */ = {
			isa = PBXGroup;
			children = (
				55176306285E6C23009470C5 /* ProgressController.swift */,
			);
			path = Progress;
			sourceTree = "<group>";
		};
		55176302285E6BC6009470C5 /* Session */ = {
			isa = PBXGroup;
			children = (
				55176304285E6BFF009470C5 /* SessionController.swift */,
			);
			path = Session;
			sourceTree = "<group>";
		};
		55176303285E6BD1009470C5 /* Settings */ = {
			isa = PBXGroup;
			children = (
				55176308285E6C32009470C5 /* SettingsController.swift */,
			);
			path = Settings;
			sourceTree = "<group>";
		};
		558A7B392863932500792030 /* WeekView */ = {
			isa = PBXGroup;
			children = (
				558A7B3A2863934500792030 /* WeekView.swift */,
				558A7B3C286395C900792030 /* WeekdayView.swift */,
			);
			path = WeekView;
			sourceTree = "<group>";
		};
		55B65372285F33820049F6DC /* Views */ = {
			isa = PBXGroup;
			children = (
				550C559228678EB40006AE40 /* NavigationBar */,
			);
			path = Views;
			sourceTree = "<group>";
		};
/* End PBXGroup section */

/* Begin PBXNativeTarget section */
		551762D6285E54DF009470C5 /* WorkoutApp */ = {
			isa = PBXNativeTarget;
			buildConfigurationList = 551762EB285E54E0009470C5 /* Build configuration list for PBXNativeTarget "WorkoutApp" */;
			buildPhases = (
				551762D3285E54DF009470C5 /* Sources */,
				551762D4285E54DF009470C5 /* Frameworks */,
				551762D5285E54DF009470C5 /* Resources */,
			);
			buildRules = (
			);
			dependencies = (
			);
			name = WorkoutApp;
			productName = WorkoutApp;
			productReference = 551762D7285E54DF009470C5 /* WorkoutApp.app */;
			productType = "com.apple.product-type.application";
		};
/* End PBXNativeTarget section */

/* Begin PBXProject section */
		551762CF285E54DF009470C5 /* Project object */ = {
			isa = PBXProject;
			attributes = {
				BuildIndependentTargetsInParallel = 1;
				LastSwiftUpdateCheck = 1340;
				LastUpgradeCheck = 1340;
				TargetAttributes = {
					551762D6285E54DF009470C5 = {
						CreatedOnToolsVersion = 13.4;
					};
				};
			};
			buildConfigurationList = 551762D2285E54DF009470C5 /* Build configuration list for PBXProject "WorkoutApp" */;
			compatibilityVersion = "Xcode 13.0";
			developmentRegion = en;
			hasScannedForEncodings = 0;
			knownRegions = (
				en,
				Base,
			);
			mainGroup = 551762CE285E54DF009470C5;
			productRefGroup = 551762D8285E54DF009470C5 /* Products */;
			projectDirPath = "";
			projectRoot = "";
			targets = (
				551762D6285E54DF009470C5 /* WorkoutApp */,
			);
		};
/* End PBXProject section */

/* Begin PBXResourcesBuildPhase section */
		551762D5285E54DF009470C5 /* Resources */ = {
			isa = PBXResourcesBuildPhase;
			buildActionMask = 2147483647;
			files = (
				551762E7285E54E0009470C5 /* LaunchScreen.storyboard in Resources */,
				551762E4285E54E0009470C5 /* Assets.xcassets in Resources */,
			);
			runOnlyForDeploymentPostprocessing = 0;
		};
/* End PBXResourcesBuildPhase section */

/* Begin PBXSourcesBuildPhase section */
		551762D3285E54DF009470C5 /* Sources */ = {
			isa = PBXSourcesBuildPhase;
			buildActionMask = 2147483647;
			files = (
				558A7B3B2863934500792030 /* WeekView.swift in Sources */,
				55176309285E6C32009470C5 /* SettingsController.swift in Sources */,
				551762DF285E54DF009470C5 /* OverviewController.swift in Sources */,
				557C1B7F2860E3AD00171DFF /* OverviewNavBar.swift in Sources */,
				551762F1285E56EE009470C5 /* TabBarController.swift in Sources */,
				551762FE285E6A24009470C5 /* UIView + Ext.swift in Sources */,
				551762F4285E57FD009470C5 /* UIColor + Ext.swift in Sources */,
				558A7B3F28639CAF00792030 /* Date + Ext.swift in Sources */,
				55176305285E6BFF009470C5 /* SessionController.swift in Sources */,
				550C55942867A1AE0006AE40 /* WABaseInfoView.swift in Sources */,
				55B65374285F33F70049F6DC /* WAButton.swift in Sources */,
				55176307285E6C23009470C5 /* ProgressController.swift in Sources */,
				551762F9285E65C0009470C5 /* NavigationBarController.swift in Sources */,
				551762F7285E5894009470C5 /* Resources.swift in Sources */,
				551762DB285E54DF009470C5 /* AppDelegate.swift in Sources */,
				557C1B812860E3FB00171DFF /* BaseView.swift in Sources */,
				558A7B3D286395C900792030 /* WeekdayView.swift in Sources */,
				551762FC285E6821009470C5 /* BaseController.swift in Sources */,
				551762DD285E54DF009470C5 /* SceneDelegate.swift in Sources */,
			);
			runOnlyForDeploymentPostprocessing = 0;
		};
/* End PBXSourcesBuildPhase section */

/* Begin PBXVariantGroup section */
		551762E5285E54E0009470C5 /* LaunchScreen.storyboard */ = {
			isa = PBXVariantGroup;
			children = (
				551762E6285E54E0009470C5 /* Base */,
			);
			name = LaunchScreen.storyboard;
			sourceTree = "<group>";
		};
/* End PBXVariantGroup section */

/* Begin XCBuildConfiguration section */
		551762E9285E54E0009470C5 /* Debug */ = {
			isa = XCBuildConfiguration;
			buildSettings = {
				ALWAYS_SEARCH_USER_PATHS = NO;
				CLANG_ANALYZER_NONNULL = YES;
				CLANG_ANALYZER_NUMBER_OBJECT_CONVERSION = YES_AGGRESSIVE;
				CLANG_CXX_LANGUAGE_STANDARD = "gnu++17";
				CLANG_ENABLE_MODULES = YES;
				CLANG_ENABLE_OBJC_ARC = YES;
				CLANG_ENABLE_OBJC_WEAK = YES;
				CLANG_WARN_BLOCK_CAPTURE_AUTORELEASING = YES;
				CLANG_WARN_BOOL_CONVERSION = YES;
				CLANG_WARN_COMMA = YES;
				CLANG_WARN_CONSTANT_CONVERSION = YES;
				CLANG_WARN_DEPRECATED_OBJC_IMPLEMENTATIONS = YES;
				CLANG_WARN_DIRECT_OBJC_ISA_USAGE = YES_ERROR;
				CLANG_WARN_DOCUMENTATION_COMMENTS = YES;
				CLANG_WARN_EMPTY_BODY = YES;
				CLANG_WARN_ENUM_CONVERSION = YES;
				CLANG_WARN_INFINITE_RECURSION = YES;
				CLANG_WARN_INT_CONVERSION = YES;
				CLANG_WARN_NON_LITERAL_NULL_CONVERSION = YES;
				CLANG_WARN_OBJC_IMPLICIT_RETAIN_SELF = YES;
				CLANG_WARN_OBJC_LITERAL_CONVERSION = YES;
				CLANG_WARN_OBJC_ROOT_CLASS = YES_ERROR;
				CLANG_WARN_QUOTED_INCLUDE_IN_FRAMEWORK_HEADER = YES;
				CLANG_WARN_RANGE_LOOP_ANALYSIS = YES;
				CLANG_WARN_STRICT_PROTOTYPES = YES;
				CLANG_WARN_SUSPICIOUS_MOVE = YES;
				CLANG_WARN_UNGUARDED_AVAILABILITY = YES_AGGRESSIVE;
				CLANG_WARN_UNREACHABLE_CODE = YES;
				CLANG_WARN__DUPLICATE_METHOD_MATCH = YES;
				COPY_PHASE_STRIP = NO;
				DEBUG_INFORMATION_FORMAT = dwarf;
				ENABLE_STRICT_OBJC_MSGSEND = YES;
				ENABLE_TESTABILITY = YES;
				GCC_C_LANGUAGE_STANDARD = gnu11;
				GCC_DYNAMIC_NO_PIC = NO;
				GCC_NO_COMMON_BLOCKS = YES;
				GCC_OPTIMIZATION_LEVEL = 0;
				GCC_PREPROCESSOR_DEFINITIONS = (
					"DEBUG=1",
					"$(inherited)",
				);
				GCC_WARN_64_TO_32_BIT_CONVERSION = YES;
				GCC_WARN_ABOUT_RETURN_TYPE = YES_ERROR;
				GCC_WARN_UNDECLARED_SELECTOR = YES;
				GCC_WARN_UNINITIALIZED_AUTOS = YES_AGGRESSIVE;
				GCC_WARN_UNUSED_FUNCTION = YES;
				GCC_WARN_UNUSED_VARIABLE = YES;
				IPHONEOS_DEPLOYMENT_TARGET = 15.5;
				MTL_ENABLE_DEBUG_INFO = INCLUDE_SOURCE;
				MTL_FAST_MATH = YES;
				ONLY_ACTIVE_ARCH = YES;
				SDKROOT = iphoneos;
				SWIFT_ACTIVE_COMPILATION_CONDITIONS = DEBUG;
				SWIFT_OPTIMIZATION_LEVEL = "-Onone";
			};
			name = Debug;
		};
		551762EA285E54E0009470C5 /* Release */ = {
			isa = XCBuildConfiguration;
			buildSettings = {
				ALWAYS_SEARCH_USER_PATHS = NO;
				CLANG_ANALYZER_NONNULL = YES;
				CLANG_ANALYZER_NUMBER_OBJECT_CONVERSION = YES_AGGRESSIVE;
				CLANG_CXX_LANGUAGE_STANDARD = "gnu++17";
				CLANG_ENABLE_MODULES = YES;
				CLANG_ENABLE_OBJC_ARC = YES;
				CLANG_ENABLE_OBJC_WEAK = YES;
				CLANG_WARN_BLOCK_CAPTURE_AUTORELEASING = YES;
				CLANG_WARN_BOOL_CONVERSION = YES;
				CLANG_WARN_COMMA = YES;
				CLANG_WARN_CONSTANT_CONVERSION = YES;
				CLANG_WARN_DEPRECATED_OBJC_IMPLEMENTATIONS = YES;
				CLANG_WARN_DIRECT_OBJC_ISA_USAGE = YES_ERROR;
				CLANG_WARN_DOCUMENTATION_COMMENTS = YES;
				CLANG_WARN_EMPTY_BODY = YES;
				CLANG_WARN_ENUM_CONVERSION = YES;
				CLANG_WARN_INFINITE_RECURSION = YES;
				CLANG_WARN_INT_CONVERSION = YES;
				CLANG_WARN_NON_LITERAL_NULL_CONVERSION = YES;
				CLANG_WARN_OBJC_IMPLICIT_RETAIN_SELF = YES;
				CLANG_WARN_OBJC_LITERAL_CONVERSION = YES;
				CLANG_WARN_OBJC_ROOT_CLASS = YES_ERROR;
				CLANG_WARN_QUOTED_INCLUDE_IN_FRAMEWORK_HEADER = YES;
				CLANG_WARN_RANGE_LOOP_ANALYSIS = YES;
				CLANG_WARN_STRICT_PROTOTYPES = YES;
				CLANG_WARN_SUSPICIOUS_MOVE = YES;
				CLANG_WARN_UNGUARDED_AVAILABILITY = YES_AGGRESSIVE;
				CLANG_WARN_UNREACHABLE_CODE = YES;
				CLANG_WARN__DUPLICATE_METHOD_MATCH = YES;
				COPY_PHASE_STRIP = NO;
				DEBUG_INFORMATION_FORMAT = "dwarf-with-dsym";
				ENABLE_NS_ASSERTIONS = NO;
				ENABLE_STRICT_OBJC_MSGSEND = YES;
				GCC_C_LANGUAGE_STANDARD = gnu11;
				GCC_NO_COMMON_BLOCKS = YES;
				GCC_WARN_64_TO_32_BIT_CONVERSION = YES;
				GCC_WARN_ABOUT_RETURN_TYPE = YES_ERROR;
				GCC_WARN_UNDECLARED_SELECTOR = YES;
				GCC_WARN_UNINITIALIZED_AUTOS = YES_AGGRESSIVE;
				GCC_WARN_UNUSED_FUNCTION = YES;
				GCC_WARN_UNUSED_VARIABLE = YES;
				IPHONEOS_DEPLOYMENT_TARGET = 15.5;
				MTL_ENABLE_DEBUG_INFO = NO;
				MTL_FAST_MATH = YES;
				SDKROOT = iphoneos;
				SWIFT_COMPILATION_MODE = wholemodule;
				SWIFT_OPTIMIZATION_LEVEL = "-O";
				VALIDATE_PRODUCT = YES;
			};
			name = Release;
		};
		551762EC285E54E0009470C5 /* Debug */ = {
			isa = XCBuildConfiguration;
			buildSettings = {
				ASSETCATALOG_COMPILER_APPICON_NAME = AppIcon;
				ASSETCATALOG_COMPILER_GLOBAL_ACCENT_COLOR_NAME = AccentColor;
				CODE_SIGN_STYLE = Automatic;
				CURRENT_PROJECT_VERSION = 1;
				DEVELOPMENT_TEAM = JRA8SJKSWZ;
				GENERATE_INFOPLIST_FILE = YES;
				INFOPLIST_FILE = WorkoutApp/SupportingFiles/Info.plist;
				INFOPLIST_KEY_UIApplicationSupportsIndirectInputEvents = YES;
				INFOPLIST_KEY_UILaunchStoryboardName = LaunchScreen;
				INFOPLIST_KEY_UISupportedInterfaceOrientations = UIInterfaceOrientationPortrait;
				INFOPLIST_KEY_UISupportedInterfaceOrientations_iPad = "UIInterfaceOrientationPortrait UIInterfaceOrientationPortraitUpsideDown UIInterfaceOrientationLandscapeLeft UIInterfaceOrientationLandscapeRight";
				INFOPLIST_KEY_UISupportedInterfaceOrientations_iPhone = "UIInterfaceOrientationPortrait UIInterfaceOrientationLandscapeLeft UIInterfaceOrientationLandscapeRight";
				INFOPLIST_KEY_UIUserInterfaceStyle = Light;
				LD_RUNPATH_SEARCH_PATHS = (
					"$(inherited)",
					"@executable_path/Frameworks",
				);
				MARKETING_VERSION = 1.0;
				PRODUCT_BUNDLE_IDENTIFIER = aiv.WorkoutApp;
				PRODUCT_NAME = "$(TARGET_NAME)";
				SWIFT_EMIT_LOC_STRINGS = YES;
				SWIFT_VERSION = 5.0;
				TARGETED_DEVICE_FAMILY = 1;
			};
			name = Debug;
		};
		551762ED285E54E0009470C5 /* Release */ = {
			isa = XCBuildConfiguration;
			buildSettings = {
				ASSETCATALOG_COMPILER_APPICON_NAME = AppIcon;
				ASSETCATALOG_COMPILER_GLOBAL_ACCENT_COLOR_NAME = AccentColor;
				CODE_SIGN_STYLE = Automatic;
				CURRENT_PROJECT_VERSION = 1;
				DEVELOPMENT_TEAM = JRA8SJKSWZ;
				GENERATE_INFOPLIST_FILE = YES;
				INFOPLIST_FILE = WorkoutApp/SupportingFiles/Info.plist;
				INFOPLIST_KEY_UIApplicationSupportsIndirectInputEvents = YES;
				INFOPLIST_KEY_UILaunchStoryboardName = LaunchScreen;
				INFOPLIST_KEY_UISupportedInterfaceOrientations = UIInterfaceOrientationPortrait;
				INFOPLIST_KEY_UISupportedInterfaceOrientations_iPad = "UIInterfaceOrientationPortrait UIInterfaceOrientationPortraitUpsideDown UIInterfaceOrientationLandscapeLeft UIInterfaceOrientationLandscapeRight";
				INFOPLIST_KEY_UISupportedInterfaceOrientations_iPhone = "UIInterfaceOrientationPortrait UIInterfaceOrientationLandscapeLeft UIInterfaceOrientationLandscapeRight";
				INFOPLIST_KEY_UIUserInterfaceStyle = Light;
				LD_RUNPATH_SEARCH_PATHS = (
					"$(inherited)",
					"@executable_path/Frameworks",
				);
				MARKETING_VERSION = 1.0;
				PRODUCT_BUNDLE_IDENTIFIER = aiv.WorkoutApp;
				PRODUCT_NAME = "$(TARGET_NAME)";
				SWIFT_EMIT_LOC_STRINGS = YES;
				SWIFT_VERSION = 5.0;
				TARGETED_DEVICE_FAMILY = 1;
			};
			name = Release;
		};
/* End XCBuildConfiguration section */

/* Begin XCConfigurationList section */
		551762D2285E54DF009470C5 /* Build configuration list for PBXProject "WorkoutApp" */ = {
			isa = XCConfigurationList;
			buildConfigurations = (
				551762E9285E54E0009470C5 /* Debug */,
				551762EA285E54E0009470C5 /* Release */,
			);
			defaultConfigurationIsVisible = 0;
			defaultConfigurationName = Release;
		};
		551762EB285E54E0009470C5 /* Build configuration list for PBXNativeTarget "WorkoutApp" */ = {
			isa = XCConfigurationList;
			buildConfigurations = (
				551762EC285E54E0009470C5 /* Debug */,
				551762ED285E54E0009470C5 /* Release */,
			);
			defaultConfigurationIsVisible = 0;
			defaultConfigurationName = Release;
		};
/* End XCConfigurationList section */
	};
	rootObject = 551762CF285E54DF009470C5 /* Project object */;
}
